// !$*UTF8*$!
{
	archiveVersion = 1;
	classes = {
	};
	objectVersion = 46;
	objects = {

/* Begin PBXBuildFile section */
		96EB1F211F5AA5C5009AFBAE /* AppDelegate.swift in Sources */ = {isa = PBXBuildFile; fileRef = 96EB1F201F5AA5C5009AFBAE /* AppDelegate.swift */; };
		96EB1F241F5AA5C5009AFBAE /* BlogReader.xcdatamodeld in Sources */ = {isa = PBXBuildFile; fileRef = 96EB1F221F5AA5C5009AFBAE /* BlogReader.xcdatamodeld */; };
		96EB1F261F5AA5C5009AFBAE /* MasterViewController.swift in Sources */ = {isa = PBXBuildFile; fileRef = 96EB1F251F5AA5C5009AFBAE /* MasterViewController.swift */; };
		96EB1F281F5AA5C5009AFBAE /* DetailViewController.swift in Sources */ = {isa = PBXBuildFile; fileRef = 96EB1F271F5AA5C5009AFBAE /* DetailViewController.swift */; };
		96EB1F2B1F5AA5C5009AFBAE /* Main.storyboard in Resources */ = {isa = PBXBuildFile; fileRef = 96EB1F291F5AA5C5009AFBAE /* Main.storyboard */; };
		96EB1F2D1F5AA5C5009AFBAE /* Assets.xcassets in Resources */ = {isa = PBXBuildFile; fileRef = 96EB1F2C1F5AA5C5009AFBAE /* Assets.xcassets */; };
		96EB1F301F5AA5C5009AFBAE /* LaunchScreen.storyboard in Resources */ = {isa = PBXBuildFile; fileRef = 96EB1F2E1F5AA5C5009AFBAE /* LaunchScreen.storyboard */; };
/* End PBXBuildFile section */

/* Begin PBXFileReference section */
		96EB1F1D1F5AA5C5009AFBAE /* BlogReader.app */ = {isa = PBXFileReference; explicitFileType = wrapper.application; includeInIndex = 0; path = BlogReader.app; sourceTree = BUILT_PRODUCTS_DIR; };
		96EB1F201F5AA5C5009AFBAE /* AppDelegate.swift */ = {isa = PBXFileReference; lastKnownFileType = sourcecode.swift; path = AppDelegate.swift; sourceTree = "<group>"; };
		96EB1F231F5AA5C5009AFBAE /* BlogReader.xcdatamodel */ = {isa = PBXFileReference; lastKnownFileType = wrapper.xcdatamodel; path = BlogReader.xcdatamodel; sourceTree = "<group>"; };
		96EB1F251F5AA5C5009AFBAE /* MasterViewController.swift */ = {isa = PBXFileReference; lastKnownFileType = sourcecode.swift; path = MasterViewController.swift; sourceTree = "<group>"; };
		96EB1F271F5AA5C5009AFBAE /* DetailViewController.swift */ = {isa = PBXFileReference; lastKnownFileType = sourcecode.swift; path = DetailViewController.swift; sourceTree = "<group>"; };
		96EB1F2A1F5AA5C5009AFBAE /* Base */ = {isa = PBXFileReference; lastKnownFileType = file.storyboard; name = Base; path = Base.lproj/Main.storyboard; sourceTree = "<group>"; };
		96EB1F2C1F5AA5C5009AFBAE /* Assets.xcassets */ = {isa = PBXFileReference; lastKnownFileType = folder.assetcatalog; path = Assets.xcassets; sourceTree = "<group>"; };
		96EB1F2F1F5AA5C5009AFBAE /* Base */ = {isa = PBXFileReference; lastKnownFileType = file.storyboard; name = Base; path = Base.lproj/LaunchScreen.storyboard; sourceTree = "<group>"; };
		96EB1F311F5AA5C5009AFBAE /* Info.plist */ = {isa = PBXFileReference; lastKnownFileType = text.plist.xml; path = Info.plist; sourceTree = "<group>"; };
/* End PBXFileReference section */

/* Begin PBXFrameworksBuildPhase section */
		96EB1F1A1F5AA5C5009AFBAE /* Frameworks */ = {
			isa = PBXFrameworksBuildPhase;
			buildActionMask = 2147483647;
			files = (
			);
			runOnlyForDeploymentPostprocessing = 0;
		};
/* End PBXFrameworksBuildPhase section */

/* Begin PBXGroup section */
		96EB1F141F5AA5C5009AFBAE = {
			isa = PBXGroup;
			children = (
				96EB1F1F1F5AA5C5009AFBAE /* BlogReader */,
				96EB1F1E1F5AA5C5009AFBAE /* Products */,
			);
			sourceTree = "<group>";
		};
		96EB1F1E1F5AA5C5009AFBAE /* Products */ = {
			isa = PBXGroup;
			children = (
				96EB1F1D1F5AA5C5009AFBAE /* BlogReader.app */,
			);
			name = Products;
			sourceTree = "<group>";
		};
		96EB1F1F1F5AA5C5009AFBAE /* BlogReader */ = {
			isa = PBXGroup;
			children = (
				96EB1F201F5AA5C5009AFBAE /* AppDelegate.swift */,
				96EB1F251F5AA5C5009AFBAE /* MasterViewController.swift */,
				96EB1F271F5AA5C5009AFBAE /* DetailViewController.swift */,
				96EB1F291F5AA5C5009AFBAE /* Main.storyboard */,
				96EB1F2C1F5AA5C5009AFBAE /* Assets.xcassets */,
				96EB1F2E1F5AA5C5009AFBAE /* LaunchScreen.storyboard */,
				96EB1F311F5AA5C5009AFBAE /* Info.plist */,
				96EB1F221F5AA5C5009AFBAE /* BlogReader.xcdatamodeld */,
			);
			path = BlogReader;
			sourceTree = "<group>";
		};
/* End PBXGroup section */

/* Begin PBXNativeTarget section */
		96EB1F1C1F5AA5C5009AFBAE /* BlogReader */ = {
			isa = PBXNativeTarget;
			buildConfigurationList = 96EB1F341F5AA5C5009AFBAE /* Build configuration list for PBXNativeTarget "BlogReader" */;
			buildPhases = (
				96EB1F191F5AA5C5009AFBAE /* Sources */,
				96EB1F1A1F5AA5C5009AFBAE /* Frameworks */,
				96EB1F1B1F5AA5C5009AFBAE /* Resources */,
			);
			buildRules = (
			);
			dependencies = (
			);
			name = BlogReader;
			productName = BlogReader;
			productReference = 96EB1F1D1F5AA5C5009AFBAE /* BlogReader.app */;
			productType = "com.apple.product-type.application";
		};
/* End PBXNativeTarget section */

/* Begin PBXProject section */
		96EB1F151F5AA5C5009AFBAE /* Project object */ = {
			isa = PBXProject;
			attributes = {
				LastSwiftUpdateCheck = 0830;
				LastUpgradeCheck = 0830;
				ORGANIZATIONNAME = Aliona;
				TargetAttributes = {
					96EB1F1C1F5AA5C5009AFBAE = {
						CreatedOnToolsVersion = 8.3.3;
						DevelopmentTeam = Y6827GTALV;
						ProvisioningStyle = Automatic;
					};
				};
			};
			buildConfigurationList = 96EB1F181F5AA5C5009AFBAE /* Build configuration list for PBXProject "BlogReader" */;
			compatibilityVersion = "Xcode 3.2";
			developmentRegion = English;
			hasScannedForEncodings = 0;
			knownRegions = (
				en,
				Base,
			);
			mainGroup = 96EB1F141F5AA5C5009AFBAE;
			productRefGroup = 96EB1F1E1F5AA5C5009AFBAE /* Products */;
			projectDirPath = "";
			projectRoot = "";
			targets = (
				96EB1F1C1F5AA5C5009AFBAE /* BlogReader */,
			);
		};
/* End PBXProject section */

/* Begin PBXResourcesBuildPhase section */
		96EB1F1B1F5AA5C5009AFBAE /* Resources */ = {
			isa = PBXResourcesBuildPhase;
			buildActionMask = 2147483647;
			files = (
				96EB1F301F5AA5C5009AFBAE /* LaunchScreen.storyboard in Resources */,
				96EB1F2D1F5AA5C5009AFBAE /* Assets.xcassets in Resources */,
				96EB1F2B1F5AA5C5009AFBAE /* Main.storyboard in Resources */,
			);
			runOnlyForDeploymentPostprocessing = 0;
		};
/* End PBXResourcesBuildPhase section */

/* Begin PBXSourcesBuildPhase section */
		96EB1F191F5AA5C5009AFBAE /* Sources */ = {
			isa = PBXSourcesBuildPhase;
			buildActionMask = 2147483647;
			files = (
				96EB1F241F5AA5C5009AFBAE /* BlogReader.xcdatamodeld in Sources */,
				96EB1F211F5AA5C5009AFBAE /* AppDelegate.swift in Sources */,
				96EB1F261F5AA5C5009AFBAE /* MasterViewController.swift in Sources */,
				96EB1F281F5AA5C5009AFBAE /* DetailViewController.swift in Sources */,
			);
			runOnlyForDeploymentPostprocessing = 0;
		};
/* End PBXSourcesBuildPhase section */

/* Begin PBXVariantGroup section */
		96EB1F291F5AA5C5009AFBAE /* Main.storyboard */ = {
			isa = PBXVariantGroup;
			children = (
				96EB1F2A1F5AA5C5009AFBAE /* Base */,
			);
			name = Main.storyboard;
			sourceTree = "<group>";
		};
		96EB1F2E1F5AA5C5009AFBAE /* LaunchScreen.storyboard */ = {
			isa = PBXVariantGroup;
			children = (
				96EB1F2F1F5AA5C5009AFBAE /* Base */,
			);
			name = LaunchScreen.storyboard;
			sourceTree = "<group>";
		};
/* End PBXVariantGroup section */

/* Begin XCBuildConfiguration section */
		96EB1F321F5AA5C5009AFBAE /* Debug */ = {
			isa = XCBuildConfiguration;
			buildSettings = {
				ALWAYS_SEARCH_USER_PATHS = NO;
				CLANG_ANALYZER_NONNULL = YES;
				CLANG_ANALYZER_NUMBER_OBJECT_CONVERSION = YES_AGGRESSIVE;
				CLANG_CXX_LANGUAGE_STANDARD = "gnu++0x";
				CLANG_CXX_LIBRARY = "libc++";
				CLANG_ENABLE_MODULES = YES;
				CLANG_ENABLE_OBJC_ARC = YES;
				CLANG_WARN_BOOL_CONVERSION = YES;
				CLANG_WARN_CONSTANT_CONVERSION = YES;
				CLANG_WARN_DIRECT_OBJC_ISA_USAGE = YES_ERROR;
				CLANG_WARN_DOCUMENTATION_COMMENTS = YES;
				CLANG_WARN_EMPTY_BODY = YES;
				CLANG_WARN_ENUM_CONVERSION = YES;
				CLANG_WARN_INFINITE_RECURSION = YES;
				CLANG_WARN_INT_CONVERSION = YES;
				CLANG_WARN_OBJC_ROOT_CLASS = YES_ERROR;
				CLANG_WARN_SUSPICIOUS_MOVE = YES;
				CLANG_WARN_UNREACHABLE_CODE = YES;
				CLANG_WARN__DUPLICATE_METHOD_MATCH = YES;
				"CODE_SIGN_IDENTITY[sdk=iphoneos*]" = "iPhone Developer";
				COPY_PHASE_STRIP = NO;
				DEBUG_INFORMATION_FORMAT = dwarf;
				ENABLE_STRICT_OBJC_MSGSEND = YES;
				ENABLE_TESTABILITY = YES;
				GCC_C_LANGUAGE_STANDARD = gnu99;
				GCC_DYNAMIC_NO_PIC = NO;
				GCC_NO_COMMON_BLOCKS = YES;
				GCC_OPTIMIZATION_LEVEL = 0;
				GCC_PREPROCESSOR_DEFINITIONS = (
					"DEBUG=1",
					"$(inherited)",
				);
				GCC_WARN_64_TO_32_BIT_CONVERSION = YES;
				GCC_WARN_ABOUT_RETURN_TYPE = YES_ERROR;
				GCC_WARN_UNDECLARED_SELECTOR = YES;
				GCC_WARN_UNINITIALIZED_AUTOS = YES_AGGRESSIVE;
				GCC_WARN_UNUSED_FUNCTION = YES;
				GCC_WARN_UNUSED_VARIABLE = YES;
				IPHONEOS_DEPLOYMENT_TARGET = 10.3;
				MTL_ENABLE_DEBUG_INFO = YES;
				ONLY_ACTIVE_ARCH = YES;
				SDKROOT = iphoneos;
				SWIFT_ACTIVE_COMPILATION_CONDITIONS = DEBUG;
				SWIFT_OPTIMIZATION_LEVEL = "-Onone";
			};
			name = Debug;
		};
		96EB1F331F5AA5C5009AFBAE /* Release */ = {
			isa = XCBuildConfiguration;
			buildSettings = {
				ALWAYS_SEARCH_USER_PATHS = NO;
				CLANG_ANALYZER_NONNULL = YES;
				CLANG_ANALYZER_NUMBER_OBJECT_CONVERSION = YES_AGGRESSIVE;
				CLANG_CXX_LANGUAGE_STANDARD = "gnu++0x";
				CLANG_CXX_LIBRARY = "libc++";
				CLANG_ENABLE_MODULES = YES;
				CLANG_ENABLE_OBJC_ARC = YES;
				CLANG_WARN_BOOL_CONVERSION = YES;
				CLANG_WARN_CONSTANT_CONVERSION = YES;
				CLANG_WARN_DIRECT_OBJC_ISA_USAGE = YES_ERROR;
				CLANG_WARN_DOCUMENTATION_COMMENTS = YES;
				CLANG_WARN_EMPTY_BODY = YES;
				CLANG_WARN_ENUM_CONVERSION = YES;
				CLANG_WARN_INFINITE_RECURSION = YES;
				CLANG_WARN_INT_CONVERSION = YES;
				CLANG_WARN_OBJC_ROOT_CLASS = YES_ERROR;
				CLANG_WARN_SUSPICIOUS_MOVE = YES;
				CLANG_WARN_UNREACHABLE_CODE = YES;
				CLANG_WARN__DUPLICATE_METHOD_MATCH = YES;
				"CODE_SIGN_IDENTITY[sdk=iphoneos*]" = "iPhone Developer";
				COPY_PHASE_STRIP = NO;
				DEBUG_INFORMATION_FORMAT = "dwarf-with-dsym";
				ENABLE_NS_ASSERTIONS = NO;
				ENABLE_STRICT_OBJC_MSGSEND = YES;
				GCC_C_LANGUAGE_STANDARD = gnu99;
				GCC_NO_COMMON_BLOCKS = YES;
				GCC_WARN_64_TO_32_BIT_CONVERSION = YES;
				GCC_WARN_ABOUT_RETURN_TYPE = YES_ERROR;
				GCC_WARN_UNDECLARED_SELECTOR = YES;
				GCC_WARN_UNINITIALIZED_AUTOS = YES_AGGRESSIVE;
				GCC_WARN_UNUSED_FUNCTION = YES;
				GCC_WARN_UNUSED_VARIABLE = YES;
				IPHONEOS_DEPLOYMENT_TARGET = 10.3;
				MTL_ENABLE_DEBUG_INFO = NO;
				SDKROOT = iphoneos;
				SWIFT_OPTIMIZATION_LEVEL = "-Owholemodule";
				VALIDATE_PRODUCT = YES;
			};
			name = Release;
		};
		96EB1F351F5AA5C5009AFBAE /* Debug */ = {
			isa = XCBuildConfiguration;
			buildSettings = {
				ASSETCATALOG_COMPILER_APPICON_NAME = AppIcon;
				DEVELOPMENT_TEAM = Y6827GTALV;
				INFOPLIST_FILE = BlogReader/Info.plist;
				LD_RUNPATH_SEARCH_PATHS = "$(inherited) @executable_path/Frameworks";
				PRODUCT_BUNDLE_IDENTIFIER = aliona.BlogReader;
				PRODUCT_NAME = "$(TARGET_NAME)";
				SWIFT_VERSION = 3.0;
			};
			name = Debug;
		};
		96EB1F361F5AA5C5009AFBAE /* Release */ = {
			isa = XCBuildConfiguration;
			buildSettings = {
				ASSETCATALOG_COMPILER_APPICON_NAME = AppIcon;
				DEVELOPMENT_TEAM = Y6827GTALV;
				INFOPLIST_FILE = BlogReader/Info.plist;
				LD_RUNPATH_SEARCH_PATHS = "$(inherited) @executable_path/Frameworks";
				PRODUCT_BUNDLE_IDENTIFIER = aliona.BlogReader;
				PRODUCT_NAME = "$(TARGET_NAME)";
				SWIFT_VERSION = 3.0;
			};
			name = Release;
		};
/* End XCBuildConfiguration section */

/* Begin XCConfigurationList section */
		96EB1F181F5AA5C5009AFBAE /* Build configuration list for PBXProject "BlogReader" */ = {
			isa = XCConfigurationList;
			buildConfigurations = (
				96EB1F321F5AA5C5009AFBAE /* Debug */,
				96EB1F331F5AA5C5009AFBAE /* Release */,
			);
			defaultConfigurationIsVisible = 0;
			defaultConfigurationName = Release;
		};
		96EB1F341F5AA5C5009AFBAE /* Build configuration list for PBXNativeTarget "BlogReader" */ = {
			isa = XCConfigurationList;
			buildConfigurations = (
				96EB1F351F5AA5C5009AFBAE /* Debug */,
				96EB1F361F5AA5C5009AFBAE /* Release */,
			);
			defaultConfigurationIsVisible = 0;
		};
/* End XCConfigurationList section */

/* Begin XCVersionGroup section */
		96EB1F221F5AA5C5009AFBAE /* BlogReader.xcdatamodeld */ = {
			isa = XCVersionGroup;
			children = (
				96EB1F231F5AA5C5009AFBAE /* BlogReader.xcdatamodel */,
			);
			currentVersion = 96EB1F231F5AA5C5009AFBAE /* BlogReader.xcdatamodel */;
			path = BlogReader.xcdatamodeld;
			sourceTree = "<group>";
			versionGroupType = wrapper.xcdatamodel;
		};
/* End XCVersionGroup section */
	};
	rootObject = 96EB1F151F5AA5C5009AFBAE /* Project object */;
}
